// !$*UTF8*$!
{
	archiveVersion = 1;
	classes = {
	};
	objectVersion = 50;
	objects = {

/* Begin PBXBuildFile section */
		182EDBDA20BE5236000AF961 /* AppDelegate.m in Sources */ = {isa = PBXBuildFile; fileRef = 182EDBD920BE5236000AF961 /* AppDelegate.m */; };
		182EDBDD20BE5236000AF961 /* ViewController.m in Sources */ = {isa = PBXBuildFile; fileRef = 182EDBDC20BE5236000AF961 /* ViewController.m */; };
		182EDBE020BE5236000AF961 /* Main.storyboard in Resources */ = {isa = PBXBuildFile; fileRef = 182EDBDE20BE5236000AF961 /* Main.storyboard */; };
		182EDBE220BE523A000AF961 /* Assets.xcassets in Resources */ = {isa = PBXBuildFile; fileRef = 182EDBE120BE523A000AF961 /* Assets.xcassets */; };
		182EDBE520BE523A000AF961 /* LaunchScreen.storyboard in Resources */ = {isa = PBXBuildFile; fileRef = 182EDBE320BE523A000AF961 /* LaunchScreen.storyboard */; };
		182EDBE820BE523A000AF961 /* main.m in Sources */ = {isa = PBXBuildFile; fileRef = 182EDBE720BE523A000AF961 /* main.m */; };
		182EDBF220BE523A000AF961 /* nodataShowTests.m in Sources */ = {isa = PBXBuildFile; fileRef = 182EDBF120BE523A000AF961 /* nodataShowTests.m */; };
		182EDBFF20BE5372000AF961 /* NSObject+TXProperty.m in Sources */ = {isa = PBXBuildFile; fileRef = 182EDBFE20BE5372000AF961 /* NSObject+TXProperty.m */; };
		182EDC0220BE538E000AF961 /* ALExceptionView.m in Sources */ = {isa = PBXBuildFile; fileRef = 182EDC0120BE538E000AF961 /* ALExceptionView.m */; };
		182EDC0520BE5538000AF961 /* UIView+Additions.m in Sources */ = {isa = PBXBuildFile; fileRef = 182EDC0320BE5538000AF961 /* UIView+Additions.m */; };
/* End PBXBuildFile section */

/* Begin PBXContainerItemProxy section */
		182EDBEE20BE523A000AF961 /* PBXContainerItemProxy */ = {
			isa = PBXContainerItemProxy;
			containerPortal = 182EDBCD20BE5236000AF961 /* Project object */;
			proxyType = 1;
			remoteGlobalIDString = 182EDBD420BE5236000AF961;
			remoteInfo = nodataShow;
		};
/* End PBXContainerItemProxy section */

/* Begin PBXFileReference section */
		182EDBD520BE5236000AF961 /* nodataShow.app */ = {isa = PBXFileReference; explicitFileType = wrapper.application; includeInIndex = 0; path = nodataShow.app; sourceTree = BUILT_PRODUCTS_DIR; };
		182EDBD820BE5236000AF961 /* AppDelegate.h */ = {isa = PBXFileReference; lastKnownFileType = sourcecode.c.h; path = AppDelegate.h; sourceTree = "<group>"; };
		182EDBD920BE5236000AF961 /* AppDelegate.m */ = {isa = PBXFileReference; lastKnownFileType = sourcecode.c.objc; path = AppDelegate.m; sourceTree = "<group>"; };
		182EDBDB20BE5236000AF961 /* ViewController.h */ = {isa = PBXFileReference; lastKnownFileType = sourcecode.c.h; path = ViewController.h; sourceTree = "<group>"; };
		182EDBDC20BE5236000AF961 /* ViewController.m */ = {isa = PBXFileReference; lastKnownFileType = sourcecode.c.objc; path = ViewController.m; sourceTree = "<group>"; };
		182EDBDF20BE5236000AF961 /* Base */ = {isa = PBXFileReference; lastKnownFileType = file.storyboard; name = Base; path = Base.lproj/Main.storyboard; sourceTree = "<group>"; };
		182EDBE120BE523A000AF961 /* Assets.xcassets */ = {isa = PBXFileReference; lastKnownFileType = folder.assetcatalog; path = Assets.xcassets; sourceTree = "<group>"; };
		182EDBE420BE523A000AF961 /* Base */ = {isa = PBXFileReference; lastKnownFileType = file.storyboard; name = Base; path = Base.lproj/LaunchScreen.storyboard; sourceTree = "<group>"; };
		182EDBE620BE523A000AF961 /* Info.plist */ = {isa = PBXFileReference; lastKnownFileType = text.plist.xml; path = Info.plist; sourceTree = "<group>"; };
		182EDBE720BE523A000AF961 /* main.m */ = {isa = PBXFileReference; lastKnownFileType = sourcecode.c.objc; path = main.m; sourceTree = "<group>"; };
		182EDBED20BE523A000AF961 /* nodataShowTests.xctest */ = {isa = PBXFileReference; explicitFileType = wrapper.cfbundle; includeInIndex = 0; path = nodataShowTests.xctest; sourceTree = BUILT_PRODUCTS_DIR; };
		182EDBF120BE523A000AF961 /* nodataShowTests.m */ = {isa = PBXFileReference; lastKnownFileType = sourcecode.c.objc; path = nodataShowTests.m; sourceTree = "<group>"; };
		182EDBF320BE523A000AF961 /* Info.plist */ = {isa = PBXFileReference; lastKnownFileType = text.plist.xml; path = Info.plist; sourceTree = "<group>"; };
		182EDBFD20BE5372000AF961 /* NSObject+TXProperty.h */ = {isa = PBXFileReference; fileEncoding = 4; lastKnownFileType = sourcecode.c.h; path = "NSObject+TXProperty.h"; sourceTree = "<group>"; };
		182EDBFE20BE5372000AF961 /* NSObject+TXProperty.m */ = {isa = PBXFileReference; fileEncoding = 4; lastKnownFileType = sourcecode.c.objc; path = "NSObject+TXProperty.m"; sourceTree = "<group>"; };
		182EDC0020BE538E000AF961 /* ALExceptionView.h */ = {isa = PBXFileReference; lastKnownFileType = sourcecode.c.h; path = ALExceptionView.h; sourceTree = "<group>"; };
		182EDC0120BE538E000AF961 /* ALExceptionView.m */ = {isa = PBXFileReference; lastKnownFileType = sourcecode.c.objc; path = ALExceptionView.m; sourceTree = "<group>"; };
		182EDC0320BE5538000AF961 /* UIView+Additions.m */ = {isa = PBXFileReference; fileEncoding = 4; lastKnownFileType = sourcecode.c.objc; path = "UIView+Additions.m"; sourceTree = "<group>"; };
		182EDC0420BE5538000AF961 /* UIView+Additions.h */ = {isa = PBXFileReference; fileEncoding = 4; lastKnownFileType = sourcecode.c.h; path = "UIView+Additions.h"; sourceTree = "<group>"; };
/* End PBXFileReference section */

/* Begin PBXFrameworksBuildPhase section */
		182EDBD220BE5236000AF961 /* Frameworks */ = {
			isa = PBXFrameworksBuildPhase;
			buildActionMask = 2147483647;
			files = (
			);
			runOnlyForDeploymentPostprocessing = 0;
		};
		182EDBEA20BE523A000AF961 /* Frameworks */ = {
			isa = PBXFrameworksBuildPhase;
			buildActionMask = 2147483647;
			files = (
			);
			runOnlyForDeploymentPostprocessing = 0;
		};
/* End PBXFrameworksBuildPhase section */

/* Begin PBXGroup section */
		182EDBCC20BE5236000AF961 = {
			isa = PBXGroup;
			children = (
				182EDBD720BE5236000AF961 /* nodataShow */,
				182EDBF020BE523A000AF961 /* nodataShowTests */,
				182EDBD620BE5236000AF961 /* Products */,
			);
			sourceTree = "<group>";
		};
		182EDBD620BE5236000AF961 /* Products */ = {
			isa = PBXGroup;
			children = (
				182EDBD520BE5236000AF961 /* nodataShow.app */,
				182EDBED20BE523A000AF961 /* nodataShowTests.xctest */,
			);
			name = Products;
			sourceTree = "<group>";
		};
		182EDBD720BE5236000AF961 /* nodataShow */ = {
			isa = PBXGroup;
			children = (
				182EDBFC20BE5372000AF961 /* ALException */,
				182EDBD820BE5236000AF961 /* AppDelegate.h */,
				182EDBD920BE5236000AF961 /* AppDelegate.m */,
				182EDBDB20BE5236000AF961 /* ViewController.h */,
				182EDBDC20BE5236000AF961 /* ViewController.m */,
				182EDBDE20BE5236000AF961 /* Main.storyboard */,
				182EDBE120BE523A000AF961 /* Assets.xcassets */,
				182EDBE320BE523A000AF961 /* LaunchScreen.storyboard */,
				182EDBE620BE523A000AF961 /* Info.plist */,
				182EDBE720BE523A000AF961 /* main.m */,
			);
			path = nodataShow;
			sourceTree = "<group>";
		};
		182EDBF020BE523A000AF961 /* nodataShowTests */ = {
			isa = PBXGroup;
			children = (
				182EDBF120BE523A000AF961 /* nodataShowTests.m */,
				182EDBF320BE523A000AF961 /* Info.plist */,
			);
			path = nodataShowTests;
			sourceTree = "<group>";
		};
		182EDBFC20BE5372000AF961 /* ALException */ = {
			isa = PBXGroup;
			children = (
				182EDC0420BE5538000AF961 /* UIView+Additions.h */,
				182EDC0320BE5538000AF961 /* UIView+Additions.m */,
				182EDBFD20BE5372000AF961 /* NSObject+TXProperty.h */,
				182EDBFE20BE5372000AF961 /* NSObject+TXProperty.m */,
				182EDC0020BE538E000AF961 /* ALExceptionView.h */,
				182EDC0120BE538E000AF961 /* ALExceptionView.m */,
			);
			path = ALException;
			sourceTree = "<group>";
		};
/* End PBXGroup section */

/* Begin PBXNativeTarget section */
		182EDBD420BE5236000AF961 /* nodataShow */ = {
			isa = PBXNativeTarget;
			buildConfigurationList = 182EDBF620BE523A000AF961 /* Build configuration list for PBXNativeTarget "nodataShow" */;
			buildPhases = (
				182EDBD120BE5236000AF961 /* Sources */,
				182EDBD220BE5236000AF961 /* Frameworks */,
				182EDBD320BE5236000AF961 /* Resources */,
			);
			buildRules = (
			);
			dependencies = (
			);
			name = nodataShow;
			productName = nodataShow;
			productReference = 182EDBD520BE5236000AF961 /* nodataShow.app */;
			productType = "com.apple.product-type.application";
		};
		182EDBEC20BE523A000AF961 /* nodataShowTests */ = {
			isa = PBXNativeTarget;
			buildConfigurationList = 182EDBF920BE523A000AF961 /* Build configuration list for PBXNativeTarget "nodataShowTests" */;
			buildPhases = (
				182EDBE920BE523A000AF961 /* Sources */,
				182EDBEA20BE523A000AF961 /* Frameworks */,
				182EDBEB20BE523A000AF961 /* Resources */,
			);
			buildRules = (
			);
			dependencies = (
				182EDBEF20BE523A000AF961 /* PBXTargetDependency */,
			);
			name = nodataShowTests;
			productName = nodataShowTests;
			productReference = 182EDBED20BE523A000AF961 /* nodataShowTests.xctest */;
			productType = "com.apple.product-type.bundle.unit-test";
		};
/* End PBXNativeTarget section */

/* Begin PBXProject section */
		182EDBCD20BE5236000AF961 /* Project object */ = {
			isa = PBXProject;
			attributes = {
				LastUpgradeCheck = 0930;
				ORGANIZATIONNAME = anlong;
				TargetAttributes = {
					182EDBD420BE5236000AF961 = {
						CreatedOnToolsVersion = 9.3;
					};
					182EDBEC20BE523A000AF961 = {
						CreatedOnToolsVersion = 9.3;
						TestTargetID = 182EDBD420BE5236000AF961;
					};
				};
			};
			buildConfigurationList = 182EDBD020BE5236000AF961 /* Build configuration list for PBXProject "nodataShow" */;
			compatibilityVersion = "Xcode 9.3";
			developmentRegion = en;
			hasScannedForEncodings = 0;
			knownRegions = (
				en,
				Base,
			);
			mainGroup = 182EDBCC20BE5236000AF961;
			productRefGroup = 182EDBD620BE5236000AF961 /* Products */;
			projectDirPath = "";
			projectRoot = "";
			targets = (
				182EDBD420BE5236000AF961 /* nodataShow */,
				182EDBEC20BE523A000AF961 /* nodataShowTests */,
			);
		};
/* End PBXProject section */

/* Begin PBXResourcesBuildPhase section */
		182EDBD320BE5236000AF961 /* Resources */ = {
			isa = PBXResourcesBuildPhase;
			buildActionMask = 2147483647;
			files = (
				182EDBE520BE523A000AF961 /* LaunchScreen.storyboard in Resources */,
				182EDBE220BE523A000AF961 /* Assets.xcassets in Resources */,
				182EDBE020BE5236000AF961 /* Main.storyboard in Resources */,
			);
			runOnlyForDeploymentPostprocessing = 0;
		};
		182EDBEB20BE523A000AF961 /* Resources */ = {
			isa = PBXResourcesBuildPhase;
			buildActionMask = 2147483647;
			files = (
			);
			runOnlyForDeploymentPostprocessing = 0;
		};
/* End PBXResourcesBuildPhase section */

/* Begin PBXSourcesBuildPhase section */
		182EDBD120BE5236000AF961 /* Sources */ = {
			isa = PBXSourcesBuildPhase;
			buildActionMask = 2147483647;
			files = (
				182EDC0520BE5538000AF961 /* UIView+Additions.m in Sources */,
				182EDC0220BE538E000AF961 /* ALExceptionView.m in Sources */,
				182EDBFF20BE5372000AF961 /* NSObject+TXProperty.m in Sources */,
				182EDBDD20BE5236000AF961 /* ViewController.m in Sources */,
				182EDBE820BE523A000AF961 /* main.m in Sources */,
				182EDBDA20BE5236000AF961 /* AppDelegate.m in Sources */,
			);
			runOnlyForDeploymentPostprocessing = 0;
		};
		182EDBE920BE523A000AF961 /* Sources */ = {
			isa = PBXSourcesBuildPhase;
			buildActionMask = 2147483647;
			files = (
				182EDBF220BE523A000AF961 /* nodataShowTests.m in Sources */,
			);
			runOnlyForDeploymentPostprocessing = 0;
		};
/* End PBXSourcesBuildPhase section */

/* Begin PBXTargetDependency section */
		182EDBEF20BE523A000AF961 /* PBXTargetDependency */ = {
			isa = PBXTargetDependency;
			target = 182EDBD420BE5236000AF961 /* nodataShow */;
			targetProxy = 182EDBEE20BE523A000AF961 /* PBXContainerItemProxy */;
		};
/* End PBXTargetDependency section */

/* Begin PBXVariantGroup section */
		182EDBDE20BE5236000AF961 /* Main.storyboard */ = {
			isa = PBXVariantGroup;
			children = (
				182EDBDF20BE5236000AF961 /* Base */,
			);
			name = Main.storyboard;
			sourceTree = "<group>";
		};
		182EDBE320BE523A000AF961 /* LaunchScreen.storyboard */ = {
			isa = PBXVariantGroup;
			children = (
				182EDBE420BE523A000AF961 /* Base */,
			);
			name = LaunchScreen.storyboard;
			sourceTree = "<group>";
		};
/* End PBXVariantGroup section */

/* Begin XCBuildConfiguration section */
		182EDBF420BE523A000AF961 /* Debug */ = {
			isa = XCBuildConfiguration;
			buildSettings = {
				ALWAYS_SEARCH_USER_PATHS = NO;
				CLANG_ANALYZER_NONNULL = YES;
				CLANG_ANALYZER_NUMBER_OBJECT_CONVERSION = YES_AGGRESSIVE;
				CLANG_CXX_LANGUAGE_STANDARD = "gnu++14";
				CLANG_CXX_LIBRARY = "libc++";
				CLANG_ENABLE_MODULES = YES;
				CLANG_ENABLE_OBJC_ARC = YES;
				CLANG_ENABLE_OBJC_WEAK = YES;
				CLANG_WARN_BLOCK_CAPTURE_AUTORELEASING = YES;
				CLANG_WARN_BOOL_CONVERSION = YES;
				CLANG_WARN_COMMA = YES;
				CLANG_WARN_CONSTANT_CONVERSION = YES;
				CLANG_WARN_DEPRECATED_OBJC_IMPLEMENTATIONS = YES;
				CLANG_WARN_DIRECT_OBJC_ISA_USAGE = YES_ERROR;
				CLANG_WARN_DOCUMENTATION_COMMENTS = YES;
				CLANG_WARN_EMPTY_BODY = YES;
				CLANG_WARN_ENUM_CONVERSION = YES;
				CLANG_WARN_INFINITE_RECURSION = YES;
				CLANG_WARN_INT_CONVERSION = YES;
				CLANG_WARN_NON_LITERAL_NULL_CONVERSION = YES;
				CLANG_WARN_OBJC_IMPLICIT_RETAIN_SELF = YES;
				CLANG_WARN_OBJC_LITERAL_CONVERSION = YES;
				CLANG_WARN_OBJC_ROOT_CLASS = YES_ERROR;
				CLANG_WARN_RANGE_LOOP_ANALYSIS = YES;
				CLANG_WARN_STRICT_PROTOTYPES = YES;
				CLANG_WARN_SUSPICIOUS_MOVE = YES;
				CLANG_WARN_UNGUARDED_AVAILABILITY = YES_AGGRESSIVE;
				CLANG_WARN_UNREACHABLE_CODE = YES;
				CLANG_WARN__DUPLICATE_METHOD_MATCH = YES;
				CODE_SIGN_IDENTITY = "iPhone Developer";
				COPY_PHASE_STRIP = NO;
				DEBUG_INFORMATION_FORMAT = dwarf;
				ENABLE_STRICT_OBJC_MSGSEND = YES;
				ENABLE_TESTABILITY = YES;
				GCC_C_LANGUAGE_STANDARD = gnu11;
				GCC_DYNAMIC_NO_PIC = NO;
				GCC_NO_COMMON_BLOCKS = YES;
				GCC_OPTIMIZATION_LEVEL = 0;
				GCC_PREPROCESSOR_DEFINITIONS = (
					"DEBUG=1",
					"$(inherited)",
				);
				GCC_WARN_64_TO_32_BIT_CONVERSION = YES;
				GCC_WARN_ABOUT_RETURN_TYPE = YES_ERROR;
				GCC_WARN_UNDECLARED_SELECTOR = YES;
				GCC_WARN_UNINITIALIZED_AUTOS = YES_AGGRESSIVE;
				GCC_WARN_UNUSED_FUNCTION = YES;
				GCC_WARN_UNUSED_VARIABLE = YES;
				IPHONEOS_DEPLOYMENT_TARGET = 11.3;
				MTL_ENABLE_DEBUG_INFO = YES;
				ONLY_ACTIVE_ARCH = YES;
				SDKROOT = iphoneos;
			};
			name = Debug;
		};
		182EDBF520BE523A000AF961 /* Release */ = {
			isa = XCBuildConfiguration;
			buildSettings = {
				ALWAYS_SEARCH_USER_PATHS = NO;
				CLANG_ANALYZER_NONNULL = YES;
				CLANG_ANALYZER_NUMBER_OBJECT_CONVERSION = YES_AGGRESSIVE;
				CLANG_CXX_LANGUAGE_STANDARD = "gnu++14";
				CLANG_CXX_LIBRARY = "libc++";
				CLANG_ENABLE_MODULES = YES;
				CLANG_ENABLE_OBJC_ARC = YES;
				CLANG_ENABLE_OBJC_WEAK = YES;
				CLANG_WARN_BLOCK_CAPTURE_AUTORELEASING = YES;
				CLANG_WARN_BOOL_CONVERSION = YES;
				CLANG_WARN_COMMA = YES;
				CLANG_WARN_CONSTANT_CONVERSION = YES;
				CLANG_WARN_DEPRECATED_OBJC_IMPLEMENTATIONS = YES;
				CLANG_WARN_DIRECT_OBJC_ISA_USAGE = YES_ERROR;
				CLANG_WARN_DOCUMENTATION_COMMENTS = YES;
				CLANG_WARN_EMPTY_BODY = YES;
				CLANG_WARN_ENUM_CONVERSION = YES;
				CLANG_WARN_INFINITE_RECURSION = YES;
				CLANG_WARN_INT_CONVERSION = YES;
				CLANG_WARN_NON_LITERAL_NULL_CONVERSION = YES;
				CLANG_WARN_OBJC_IMPLICIT_RETAIN_SELF = YES;
				CLANG_WARN_OBJC_LITERAL_CONVERSION = YES;
				CLANG_WARN_OBJC_ROOT_CLASS = YES_ERROR;
				CLANG_WARN_RANGE_LOOP_ANALYSIS = YES;
				CLANG_WARN_STRICT_PROTOTYPES = YES;
				CLANG_WARN_SUSPICIOUS_MOVE = YES;
				CLANG_WARN_UNGUARDED_AVAILABILITY = YES_AGGRESSIVE;
				CLANG_WARN_UNREACHABLE_CODE = YES;
				CLANG_WARN__DUPLICATE_METHOD_MATCH = YES;
				CODE_SIGN_IDENTITY = "iPhone Developer";
				COPY_PHASE_STRIP = NO;
				DEBUG_INFORMATION_FORMAT = "dwarf-with-dsym";
				ENABLE_NS_ASSERTIONS = NO;
				ENABLE_STRICT_OBJC_MSGSEND = YES;
				GCC_C_LANGUAGE_STANDARD = gnu11;
				GCC_NO_COMMON_BLOCKS = YES;
				GCC_WARN_64_TO_32_BIT_CONVERSION = YES;
				GCC_WARN_ABOUT_RETURN_TYPE = YES_ERROR;
				GCC_WARN_UNDECLARED_SELECTOR = YES;
				GCC_WARN_UNINITIALIZED_AUTOS = YES_AGGRESSIVE;
				GCC_WARN_UNUSED_FUNCTION = YES;
				GCC_WARN_UNUSED_VARIABLE = YES;
				IPHONEOS_DEPLOYMENT_TARGET = 11.3;
				MTL_ENABLE_DEBUG_INFO = NO;
				SDKROOT = iphoneos;
				VALIDATE_PRODUCT = YES;
			};
			name = Release;
		};
		182EDBF720BE523A000AF961 /* Debug */ = {
			isa = XCBuildConfiguration;
			buildSettings = {
				ASSETCATALOG_COMPILER_APPICON_NAME = AppIcon;
				CODE_SIGN_STYLE = Automatic;
				DEVELOPMENT_TEAM = PYXQQA5LLX;
				INFOPLIST_FILE = nodataShow/Info.plist;
				LD_RUNPATH_SEARCH_PATHS = (
					"$(inherited)",
					"@executable_path/Frameworks",
				);
				PRODUCT_BUNDLE_IDENTIFIER = com.anlong.www.nodataShow;
				PRODUCT_NAME = "$(TARGET_NAME)";
				TARGETED_DEVICE_FAMILY = "1,2";
			};
			name = Debug;
		};
		182EDBF820BE523A000AF961 /* Release */ = {
			isa = XCBuildConfiguration;
			buildSettings = {
				ASSETCATALOG_COMPILER_APPICON_NAME = AppIcon;
				CODE_SIGN_STYLE = Automatic;
				DEVELOPMENT_TEAM = PYXQQA5LLX;
				INFOPLIST_FILE = nodataShow/Info.plist;
				LD_RUNPATH_SEARCH_PATHS = (
					"$(inherited)",
					"@executable_path/Frameworks",
				);
				PRODUCT_BUNDLE_IDENTIFIER = com.anlong.www.nodataShow;
				PRODUCT_NAME = "$(TARGET_NAME)";
				TARGETED_DEVICE_FAMILY = "1,2";
			};
			name = Release;
		};
		182EDBFA20BE523A000AF961 /* Debug */ = {
			isa = XCBuildConfiguration;
			buildSettings = {
				BUNDLE_LOADER = "$(TEST_HOST)";
				CODE_SIGN_STYLE = Automatic;
				INFOPLIST_FILE = nodataShowTests/Info.plist;
				LD_RUNPATH_SEARCH_PATHS = (
					"$(inherited)",
					"@executable_path/Frameworks",
					"@loader_path/Frameworks",
				);
				PRODUCT_BUNDLE_IDENTIFIER = com.anlong.www.nodataShowTests;
				PRODUCT_NAME = "$(TARGET_NAME)";
				TARGETED_DEVICE_FAMILY = "1,2";
				TEST_HOST = "$(BUILT_PRODUCTS_DIR)/nodataShow.app/nodataShow";
			};
			name = Debug;
		};
		182EDBFB20BE523A000AF961 /* Release */ = {
			isa = XCBuildConfiguration;
			buildSettings = {
				BUNDLE_LOADER = "$(TEST_HOST)";
				CODE_SIGN_STYLE = Automatic;
				INFOPLIST_FILE = nodataShowTests/Info.plist;
				LD_RUNPATH_SEARCH_PATHS = (
					"$(inherited)",
					"@executable_path/Frameworks",
					"@loader_path/Frameworks",
				);
				PRODUCT_BUNDLE_IDENTIFIER = com.anlong.www.nodataShowTests;
				PRODUCT_NAME = "$(TARGET_NAME)";
				TARGETED_DEVICE_FAMILY = "1,2";
				TEST_HOST = "$(BUILT_PRODUCTS_DIR)/nodataShow.app/nodataShow";
			};
			name = Release;
		};
/* End XCBuildConfiguration section */

/* Begin XCConfigurationList section */
		182EDBD020BE5236000AF961 /* Build configuration list for PBXProject "nodataShow" */ = {
			isa = XCConfigurationList;
			buildConfigurations = (
				182EDBF420BE523A000AF961 /* Debug */,
				182EDBF520BE523A000AF961 /* Release */,
			);
			defaultConfigurationIsVisible = 0;
			defaultConfigurationName = Release;
		};
		182EDBF620BE523A000AF961 /* Build configuration list for PBXNativeTarget "nodataShow" */ = {
			isa = XCConfigurationList;
			buildConfigurations = (
				182EDBF720BE523A000AF961 /* Debug */,
				182EDBF820BE523A000AF961 /* Release */,
			);
			defaultConfigurationIsVisible = 0;
			defaultConfigurationName = Release;
		};
		182EDBF920BE523A000AF961 /* Build configuration list for PBXNativeTarget "nodataShowTests" */ = {
			isa = XCConfigurationList;
			buildConfigurations = (
				182EDBFA20BE523A000AF961 /* Debug */,
				182EDBFB20BE523A000AF961 /* Release */,
			);
			defaultConfigurationIsVisible = 0;
			defaultConfigurationName = Release;
		};
/* End XCConfigurationList section */
	};
	rootObject = 182EDBCD20BE5236000AF961 /* Project object */;
}
